
Microsoft Visual Studio Solution File, Format Version 12.00
# Visual Studio Version 17
VisualStudioVersion = 17.10.35027.167
MinimumVisualStudioVersion = 10.0.40219.1
Project("{9A19103F-16F7-4668-BE54-9A1E7A4F7556}") = "CoffeeMachine.DataProcessor", "CoffeeMachine.DataProcessor\CoffeeMachine.DataProcessor.csproj", "{0D1618BC-6284-4EEA-A56D-7EAEDF3F65E3}"
EndProject
Project("{9A19103F-16F7-4668-BE54-9A1E7A4F7556}") = "CoffeeMachine.DataProcessor.Test", "CoffeeMachine.DataProcessor.Test\CoffeeMachine.DataProcessor.Test.csproj", "{3C2E10E5-4910-4E69-83FB-2FACD01E6288}"
EndProject
Global
	GlobalSection(SolutionConfigurationPlatforms) = preSolution
		Debug|Any CPU = Debug|Any CPU
		Release|Any CPU = Release|Any CPU
	EndGlobalSection
	GlobalSection(ProjectConfigurationPlatforms) = postSolution
		{0D1618BC-6284-4EEA-A56D-7EAEDF3F65E3}.Debug|Any CPU.ActiveCfg = Debug|Any CPU
		{0D1618BC-6284-4EEA-A56D-7EAEDF3F65E3}.Debug|Any CPU.Build.0 = Debug|Any CPU
		{0D1618BC-6284-4EEA-A56D-7EAEDF3F65E3}.Release|Any CPU.ActiveCfg = Release|Any CPU
		{0D1618BC-6284-4EEA-A56D-7EAEDF3F65E3}.Release|Any CPU.Build.0 = Release|Any CPU
		{3C2E10E5-4910-4E69-83FB-2FACD01E6288}.Debug|Any CPU.ActiveCfg = Debug|Any CPU
		{3C2E10E5-4910-4E69-83FB-2FACD01E6288}.Debug|Any CPU.Build.0 = Debug|Any CPU
		{3C2E10E5-4910-4E69-83FB-2FACD01E6288}.Release|Any CPU.ActiveCfg = Release|Any CPU
		{3C2E10E5-4910-4E69-83FB-2FACD01E6288}.Release|Any CPU.Build.0 = Release|Any CPU
	EndGlobalSection
	GlobalSection(SolutionProperties) = preSolution
		HideSolutionNode = FALSE
	EndGlobalSection
	GlobalSection(ExtensibilityGlobals) = postSolution
		SolutionGuid = {DC9448C8-CD5E-4F8D-9920-DD94091CE77C}
	EndGlobalSection
EndGlobal
